lockfileVersion: '9.0'

settings:
  autoInstallPeers: true
  excludeLinksFromLockfile: false

importers:

  .: {}

  packages/types:
    devDependencies:
      typescript:
        specifier: ^5.4.0
        version: 5.9.3

  packages/utils:
    dependencies:
      '@travel-ai/types':
        specifier: workspace:*
        version: link:../types
    devDependencies:
      typescript:
        specifier: ^5.4.0
        version: 5.9.3

  services/routing:
    dependencies:
      '@travel-ai/types':
        specifier: workspace:*
        version: link:../../packages/types
      '@travel-ai/utils':
        specifier: workspace:*
        version: link:../../packages/utils
      p-limit:
        specifier: ^3.1.0
        version: 3.1.0
    devDependencies:
      typescript:
        specifier: ^5.4.0
        version: 5.9.3

packages:

  p-limit@3.1.0:
    resolution: {integrity: sha512-TYOanM3wGwNGsZN2cVTYPArw454xnXj5qmWF1bEoAc4+cU/ol7GVh7odevjp1FNHduHc3KZMcFduxU5Xc6uJRQ==}
    engines: {node: '>=10'}

  typescript@5.9.3:
    resolution: {integrity: sha512-jl1vZzPDinLr9eUt3J/t7V6FgNEw9QjvBPdysz9KfQDD41fQrC2Y4vKQdiaUpFT4bXlb1RHhLpp8wtm6M5TgSw==}
    engines: {node: '>=14.17'}
    hasBin: true

  yocto-queue@0.1.0:
    resolution: {integrity: sha512-rVksvsnNCdJ/ohGc6xgPwyN8eheCxsiLM8mxuE/t/mOVqJewPuO1miLpTHQiRgTKCLexL4MeAFVagts7HmNZ2Q==}
    engines: {node: '>=10'}

snapshots:

  p-limit@3.1.0:
    dependencies:
      yocto-queue: 0.1.0

  typescript@5.9.3: {}

  yocto-queue@0.1.0: {}
